{
  "object": {
    "pins": [
      {
        "package": "Async",
        "repositoryURL": "https://github.com/vapor/async.git",
        "state": {
          "branch": null,
          "revision": "887ddb41af15a39c3e47b9e0b207aa8efd8bafc3",
          "version": "1.0.0-rc.1"
        }
      },
      {
        "package": "Console",
        "repositoryURL": "https://github.com/vapor/console.git",
        "state": {
          "branch": null,
          "revision": "26812edd1d4af8129d194ee25483159b92fed4d5",
          "version": "3.0.0-rc.1"
        }
      },
      {
        "package": "Core",
        "repositoryURL": "https://github.com/vapor/core.git",
        "state": {
          "branch": null,
          "revision": "086a41eeeb2c97e53002950ae3b65b365759b66b",
          "version": "3.0.0-rc.1"
        }
      },
      {
        "package": "Crypto",
        "repositoryURL": "https://github.com/vapor/crypto.git",
        "state": {
          "branch": null,
          "revision": "9a708a33ec21f5d1eea858c10cf7e9b8306a0b30",
          "version": "3.0.0-rc.1"
        }
      },
      {
        "package": "DatabaseKit",
        "repositoryURL": "https://github.com/vapor/database-kit.git",
        "state": {
          "branch": null,
          "revision": "5f247a63f392d260cc7c8e9b916131a67f73dbe4",
          "version": "1.0.0-rc.1"
        }
      },
      {
        "package": "Engine",
        "repositoryURL": "https://github.com/vapor/engine.git",
        "state": {
          "branch": null,
          "revision": "cfe3ffc04b0316564a40ad8e5dfb9a355d936c25",
          "version": "3.0.0-rc.1"
        }
      },
      {
        "package": "Fluent",
        "repositoryURL": "https://github.com/vapor/fluent.git",
        "state": {
          "branch": null,
          "revision": "d584c55eadbfe14cda60ccf74e6f5a81401f71ee",
          "version": "3.0.0-rc.1"
        }
      },
      {
        "package": "FluentSQLite",
        "repositoryURL": "https://github.com/vapor/fluent-sqlite.git",
        "state": {
          "branch": null,
          "revision": "a2d70d95b660631d591a7aa1ed1a65c91f67acf3",
          "version": "3.0.0-rc.1"
        }
      },
      {
        "package": "Routing",
        "repositoryURL": "https://github.com/vapor/routing.git",
        "state": {
          "branch": null,
          "revision": "8210d28691a11d0d27b7a0b32117d7fd81099916",
          "version": "3.0.0-rc.1"
        }
      },
      {
        "package": "Service",
        "repositoryURL": "https://github.com/vapor/service.git",
        "state": {
          "branch": null,
          "revision": "90426d62cf1b028c0eef8285cb0293b527e45393",
          "version": "1.0.0-rc.1"
        }
      },
      {
        "package": "Sockets",
        "repositoryURL": "https://github.com/vapor/sockets.git",
        "state": {
          "branch": null,
          "revision": "738f3ebf3ebb8ea886d5dd8588dd46a54f66af1c",
          "version": "3.0.0-rc.1"
        }
      },
      {
        "package": "SQLite",
        "repositoryURL": "https://github.com/vapor/sqlite.git",
        "state": {
          "branch": null,
          "revision": "951e4f128d15a8a49e009fcf7a49f8e66e189eb7",
          "version": "3.0.0-rc.1"
        }
      },
      {
        "package": "TemplateKit",
        "repositoryURL": "https://github.com/vapor/template-kit.git",
        "state": {
          "branch": null,
          "revision": "4d2f61c26011e45905deec5a718179d144f5bb6f",
          "version": "1.0.0-rc.1"
        }
      },
      {
        "package": "TLS",
        "repositoryURL": "https://github.com/vapor/tls.git",
        "state": {
          "branch": null,
          "revision": "648e653758ad29f7087c95a91bc0d183712b94ab",
          "version": "3.0.0-rc.1"
        }
      },
      {
        "package": "Validation",
        "repositoryURL": "https://github.com/vapor/validation.git",
        "state": {
          "branch": null,
          "revision": "683af11976a732584baf339483aa3206734c913b",
          "version": "2.0.0-rc.1"
        }
      },
      {
        "package": "Vapor",
        "repositoryURL": "https://github.com/vapor/vapor.git",
        "state": {
          "branch": null,
          "revision": "251e28ebd6615af47921f8ca23d0a78ca80d02fc",
          "version": "3.0.0-rc.1"
        }
      }
    ]
  },
  "version": 1
}
